{
    "name": "menace_thakur",
    "version": "1.0.0",
    "lockfileVersion": 3,
    "requires": true,
    "packages": {
        "": {
            "name": "menace_thakur",
            "version": "1.0.0",
            "license": "MIT",
            "dependencies": {
                "menace": "^1.0.0"
            },
            "bin": {
                "menace": "src/index.js"
            },
            "devDependencies": {}
        },
        "node_modules/menace": {
            "resolved": "",
            "link": true
        }
    }
}
